
Microsoft Visual Studio Solution File, Format Version 12.00
# Visual Studio Version 17
VisualStudioVersion = 17.7.34202.233
MinimumVisualStudioVersion = 10.0.40219.1
Project("{FAE04EC0-301F-11D3-BF4B-00C04F79EFBC}") = "JavascriptTutorial", "JavascriptTutorial\JavascriptTutorial.csproj", "{0959EEE8-3502-4979-80C3-4CA0512D23FB}"
EndProject
Global
	GlobalSection(SolutionConfigurationPlatforms) = preSolution
		Debug|Any CPU = Debug|Any CPU
		Release|Any CPU = Release|Any CPU
	EndGlobalSection
	GlobalSection(ProjectConfigurationPlatforms) = postSolution
		{0959EEE8-3502-4979-80C3-4CA0512D23FB}.Debug|Any CPU.ActiveCfg = Debug|Any CPU
		{0959EEE8-3502-4979-80C3-4CA0512D23FB}.Debug|Any CPU.Build.0 = Debug|Any CPU
		{0959EEE8-3502-4979-80C3-4CA0512D23FB}.Release|Any CPU.ActiveCfg = Release|Any CPU
		{0959EEE8-3502-4979-80C3-4CA0512D23FB}.Release|Any CPU.Build.0 = Release|Any CPU
	EndGlobalSection
	GlobalSection(SolutionProperties) = preSolution
		HideSolutionNode = FALSE
	EndGlobalSection
	GlobalSection(ExtensibilityGlobals) = postSolution
		SolutionGuid = {8697FCA2-1D9B-4450-A23D-3DBD2BD514A1}
	EndGlobalSection
EndGlobal
